Microsoft Visual Studio Solution File, Format Version 11.00
# Visual Studio 2017

Project("{8BC9CEB8-8B4A-11D0-8D11-00A0C91BC942}") = "LGML - App", "LGML_App.vcxproj", "{6615CF5D-4D00-3586-5049-0A44CDF5D512}"
EndProject
Global
	GlobalSection(SolutionConfigurationPlatforms) = preSolution
		Debug|x64 = Debug|x64
		Release|x64 = Release|x64
		Debug32|Win32 = Debug32|Win32
		Release32|Win32 = Release32|Win32
	EndGlobalSection
	GlobalSection(ProjectConfigurationPlatforms) = postSolution
		{6615CF5D-4D00-3586-5049-0A44CDF5D512}.Debug|x64.ActiveCfg = Debug|x64
		{6615CF5D-4D00-3586-5049-0A44CDF5D512}.Debug|x64.Build.0 = Debug|x64
		{6615CF5D-4D00-3586-5049-0A44CDF5D512}.Release|x64.ActiveCfg = Release|x64
		{6615CF5D-4D00-3586-5049-0A44CDF5D512}.Release|x64.Build.0 = Release|x64
		{6615CF5D-4D00-3586-5049-0A44CDF5D512}.Debug32|Win32.ActiveCfg = Debug32|Win32
		{6615CF5D-4D00-3586-5049-0A44CDF5D512}.Debug32|Win32.Build.0 = Debug32|Win32
		{6615CF5D-4D00-3586-5049-0A44CDF5D512}.Release32|Win32.ActiveCfg = Release32|Win32
		{6615CF5D-4D00-3586-5049-0A44CDF5D512}.Release32|Win32.Build.0 = Release32|Win32
	EndGlobalSection
	GlobalSection(SolutionProperties) = preSolution
		HideSolutionNode = FALSE
	EndGlobalSection
EndGlobal
